// !$*UTF8*$!
{
	archiveVersion = 1;
	classes = {
	};
	objectVersion = 51;
	objects = {

/* Begin PBXBuildFile section */
		387F35E258F5E1DE61E81C35 /* Pods_HMDRWHERATH_9630723_COBSCCOMP191P_008.framework in Frameworks */ = {isa = PBXBuildFile; fileRef = 08CDE71DB25DF2CE5EE5039C /* Pods_HMDRWHERATH_9630723_COBSCCOMP191P_008.framework */; };
		6B0115C92515449100A27D54 /* User.swift in Sources */ = {isa = PBXBuildFile; fileRef = 6B0115C82515449100A27D54 /* User.swift */; };
		6B0AF46225165C58004717CB /* NotificationsViewController.swift in Sources */ = {isa = PBXBuildFile; fileRef = 6B0AF46125165C58004717CB /* NotificationsViewController.swift */; };
		6B19686C251F6A7B009AD457 /* BiometricAuthService.swift in Sources */ = {isa = PBXBuildFile; fileRef = 6B19686B251F6A7B009AD457 /* BiometricAuthService.swift */; };
		6B19686E251F7310009AD457 /* BiometricViewController.swift in Sources */ = {isa = PBXBuildFile; fileRef = 6B19686D251F7310009AD457 /* BiometricViewController.swift */; };
		6B196870251F7791009AD457 /* KeychainPasswordItem.swift in Sources */ = {isa = PBXBuildFile; fileRef = 6B19686F251F7791009AD457 /* KeychainPasswordItem.swift */; };
		6B196872251F780B009AD457 /* KeychainConfig.swift in Sources */ = {isa = PBXBuildFile; fileRef = 6B196871251F780B009AD457 /* KeychainConfig.swift */; };
		6B1DBC452515EAEF00C51ACB /* ColorPointAnnotation.swift in Sources */ = {isa = PBXBuildFile; fileRef = 6B1DBC442515EAEF00C51ACB /* ColorPointAnnotation.swift */; };
		6B24385625176728003A881B /* CustomPageViewController.swift in Sources */ = {isa = PBXBuildFile; fileRef = 6B24385525176728003A881B /* CustomPageViewController.swift */; };
		6B3A532D251E77E700A12344 /* HMDRWHERATH_9630723_COBSCCOMP191P_008Tests.swift in Sources */ = {isa = PBXBuildFile; fileRef = 6B3A532C251E77E700A12344 /* HMDRWHERATH_9630723_COBSCCOMP191P_008Tests.swift */; };
		6B3A5335251E7B7E00A12344 /* ValidationService.swift in Sources */ = {isa = PBXBuildFile; fileRef = 6B3A5334251E7B7E00A12344 /* ValidationService.swift */; };
		6B3A5337251E82F700A12344 /* ValidationServiceTests.swift in Sources */ = {isa = PBXBuildFile; fileRef = 6B3A5336251E82F700A12344 /* ValidationServiceTests.swift */; };
		6B3E07992513426900D34727 /* LoginViewController.swift in Sources */ = {isa = PBXBuildFile; fileRef = 6B3E07982513426900D34727 /* LoginViewController.swift */; };
		6B3E079B2513429300D34727 /* RegisterViewController.swift in Sources */ = {isa = PBXBuildFile; fileRef = 6B3E079A2513429300D34727 /* RegisterViewController.swift */; };
		6B3EE5C72514889E00788194 /* Service.swift in Sources */ = {isa = PBXBuildFile; fileRef = 6B3EE5C62514889E00788194 /* Service.swift */; };
		6B6CDA3425145954000C1D63 /* Constants.swift in Sources */ = {isa = PBXBuildFile; fileRef = 6B6CDA3325145954000C1D63 /* Constants.swift */; };
		6B6CDA3625145C2E000C1D63 /* GoogleService-Info.plist in Resources */ = {isa = PBXBuildFile; fileRef = 6B6CDA3525145C2E000C1D63 /* GoogleService-Info.plist */; };
		6B6CDA3825146196000C1D63 /* Cell.swift in Sources */ = {isa = PBXBuildFile; fileRef = 6B6CDA3725146196000C1D63 /* Cell.swift */; };
		6B6CDA3B25146943000C1D63 /* ProfileViewController.swift in Sources */ = {isa = PBXBuildFile; fileRef = 6B6CDA3A25146943000C1D63 /* ProfileViewController.swift */; };
		6B6CDA3D25146B04000C1D63 /* ContactUsViewController.swift in Sources */ = {isa = PBXBuildFile; fileRef = 6B6CDA3C25146B04000C1D63 /* ContactUsViewController.swift */; };
		6B6CDA3F25146BA9000C1D63 /* ShareViewController.swift in Sources */ = {isa = PBXBuildFile; fileRef = 6B6CDA3E25146BA9000C1D63 /* ShareViewController.swift */; };
		6B7B9942251598D0007ED221 /* MapViewController.swift in Sources */ = {isa = PBXBuildFile; fileRef = 6B7B9941251598D0007ED221 /* MapViewController.swift */; };
		6B9D6C9525172CE900919DDA /* SurveyViewController.swift in Sources */ = {isa = PBXBuildFile; fileRef = 6B9D6C9425172CE900919DDA /* SurveyViewController.swift */; };
		6B9D6C97251731C800919DDA /* Survey.swift in Sources */ = {isa = PBXBuildFile; fileRef = 6B9D6C96251731C800919DDA /* Survey.swift */; };
		6B9D6C99251732BF00919DDA /* SurveyBrain.swift in Sources */ = {isa = PBXBuildFile; fileRef = 6B9D6C98251732BF00919DDA /* SurveyBrain.swift */; };
		6BA102202513DA54003AED13 /* StatusViewController.swift in Sources */ = {isa = PBXBuildFile; fileRef = 6BA1021F2513DA54003AED13 /* StatusViewController.swift */; };
		6BA102242513F1B0003AED13 /* SettingsViewController.swift in Sources */ = {isa = PBXBuildFile; fileRef = 6BA102232513F1B0003AED13 /* SettingsViewController.swift */; };
		6BA8362E25161C860004F2C7 /* CreateNotificationViewController.swift in Sources */ = {isa = PBXBuildFile; fileRef = 6BA8362D25161C860004F2C7 /* CreateNotificationViewController.swift */; };
		6BE86DD425175C96004A9513 /* SafeActionsViewController.swift in Sources */ = {isa = PBXBuildFile; fileRef = 6BE86DD325175C96004A9513 /* SafeActionsViewController.swift */; };
		6BE86DD625175E19004A9513 /* DataViewController.swift in Sources */ = {isa = PBXBuildFile; fileRef = 6BE86DD525175E19004A9513 /* DataViewController.swift */; };
		6BFCE53625133D670010A5D8 /* AppDelegate.swift in Sources */ = {isa = PBXBuildFile; fileRef = 6BFCE53525133D670010A5D8 /* AppDelegate.swift */; };
		6BFCE53825133D670010A5D8 /* SceneDelegate.swift in Sources */ = {isa = PBXBuildFile; fileRef = 6BFCE53725133D670010A5D8 /* SceneDelegate.swift */; };
		6BFCE53A25133D670010A5D8 /* HomeViewContoller.swift in Sources */ = {isa = PBXBuildFile; fileRef = 6BFCE53925133D670010A5D8 /* HomeViewContoller.swift */; };
		6BFCE53D25133D670010A5D8 /* Main.storyboard in Resources */ = {isa = PBXBuildFile; fileRef = 6BFCE53B25133D670010A5D8 /* Main.storyboard */; };
		6BFCE53F25133D680010A5D8 /* Assets.xcassets in Resources */ = {isa = PBXBuildFile; fileRef = 6BFCE53E25133D680010A5D8 /* Assets.xcassets */; };
		6BFCE54225133D680010A5D8 /* LaunchScreen.storyboard in Resources */ = {isa = PBXBuildFile; fileRef = 6BFCE54025133D680010A5D8 /* LaunchScreen.storyboard */; };
		6BFE3C2D2517C7DB00BD6650 /* HMDRWHERATH_9630723_COBSCCOMP191P_008UITests.swift in Sources */ = {isa = PBXBuildFile; fileRef = 6BFE3C2C2517C7DB00BD6650 /* HMDRWHERATH_9630723_COBSCCOMP191P_008UITests.swift */; };
		7367E6B2239D7C6395B38FCB /* Pods_HMDRWHERATH_9630723_COBSCCOMP191P_008Tests.framework in Frameworks */ = {isa = PBXBuildFile; fileRef = F5F3D03A8B7C83345A0EF258 /* Pods_HMDRWHERATH_9630723_COBSCCOMP191P_008Tests.framework */; };
/* End PBXBuildFile section */

/* Begin PBXContainerItemProxy section */
		6B3A532F251E77E700A12344 /* PBXContainerItemProxy */ = {
			isa = PBXContainerItemProxy;
			containerPortal = 6BFCE52A25133D670010A5D8 /* Project object */;
			proxyType = 1;
			remoteGlobalIDString = 6BFCE53125133D670010A5D8;
			remoteInfo = "HMDRWHERATH_9630723_COBSCCOMP191P-008";
		};
		6BFE3C2F2517C7DB00BD6650 /* PBXContainerItemProxy */ = {
			isa = PBXContainerItemProxy;
			containerPortal = 6BFCE52A25133D670010A5D8 /* Project object */;
			proxyType = 1;
			remoteGlobalIDString = 6BFCE53125133D670010A5D8;
			remoteInfo = "HMDRWHERATH_9630723_COBSCCOMP191P-008";
		};
/* End PBXContainerItemProxy section */

/* Begin PBXFileReference section */
		08CDE71DB25DF2CE5EE5039C /* Pods_HMDRWHERATH_9630723_COBSCCOMP191P_008.framework */ = {isa = PBXFileReference; explicitFileType = wrapper.framework; includeInIndex = 0; path = Pods_HMDRWHERATH_9630723_COBSCCOMP191P_008.framework; sourceTree = BUILT_PRODUCTS_DIR; };
		2EF31B7C58BB6EBED9CA32C0 /* Pods-HMDRWHERATH_9630723_COBSCCOMP191P-008Tests.debug.xcconfig */ = {isa = PBXFileReference; includeInIndex = 1; lastKnownFileType = text.xcconfig; name = "Pods-HMDRWHERATH_9630723_COBSCCOMP191P-008Tests.debug.xcconfig"; path = "Target Support Files/Pods-HMDRWHERATH_9630723_COBSCCOMP191P-008Tests/Pods-HMDRWHERATH_9630723_COBSCCOMP191P-008Tests.debug.xcconfig"; sourceTree = "<group>"; };
		4C590E9FA3A88175DFA8847C /* Pods-HMDRWHERATH_9630723_COBSCCOMP191P-008Tests.release.xcconfig */ = {isa = PBXFileReference; includeInIndex = 1; lastKnownFileType = text.xcconfig; name = "Pods-HMDRWHERATH_9630723_COBSCCOMP191P-008Tests.release.xcconfig"; path = "Target Support Files/Pods-HMDRWHERATH_9630723_COBSCCOMP191P-008Tests/Pods-HMDRWHERATH_9630723_COBSCCOMP191P-008Tests.release.xcconfig"; sourceTree = "<group>"; };
		6B0115C82515449100A27D54 /* User.swift */ = {isa = PBXFileReference; lastKnownFileType = sourcecode.swift; path = User.swift; sourceTree = "<group>"; };
		6B0AF46125165C58004717CB /* NotificationsViewController.swift */ = {isa = PBXFileReference; lastKnownFileType = sourcecode.swift; path = NotificationsViewController.swift; sourceTree = "<group>"; };
		6B19686B251F6A7B009AD457 /* BiometricAuthService.swift */ = {isa = PBXFileReference; lastKnownFileType = sourcecode.swift; path = BiometricAuthService.swift; sourceTree = "<group>"; };
		6B19686D251F7310009AD457 /* BiometricViewController.swift */ = {isa = PBXFileReference; lastKnownFileType = sourcecode.swift; path = BiometricViewController.swift; sourceTree = "<group>"; };
		6B19686F251F7791009AD457 /* KeychainPasswordItem.swift */ = {isa = PBXFileReference; lastKnownFileType = sourcecode.swift; path = KeychainPasswordItem.swift; sourceTree = "<group>"; };
		6B196871251F780B009AD457 /* KeychainConfig.swift */ = {isa = PBXFileReference; lastKnownFileType = sourcecode.swift; path = KeychainConfig.swift; sourceTree = "<group>"; };
		6B1DBC442515EAEF00C51ACB /* ColorPointAnnotation.swift */ = {isa = PBXFileReference; lastKnownFileType = sourcecode.swift; path = ColorPointAnnotation.swift; sourceTree = "<group>"; };
		6B24385525176728003A881B /* CustomPageViewController.swift */ = {isa = PBXFileReference; lastKnownFileType = sourcecode.swift; path = CustomPageViewController.swift; sourceTree = "<group>"; };
		6B3A532A251E77E700A12344 /* HMDRWHERATH_9630723_COBSCCOMP191P-008Tests.xctest */ = {isa = PBXFileReference; explicitFileType = wrapper.cfbundle; includeInIndex = 0; path = "HMDRWHERATH_9630723_COBSCCOMP191P-008Tests.xctest"; sourceTree = BUILT_PRODUCTS_DIR; };
		6B3A532C251E77E700A12344 /* HMDRWHERATH_9630723_COBSCCOMP191P_008Tests.swift */ = {isa = PBXFileReference; lastKnownFileType = sourcecode.swift; path = HMDRWHERATH_9630723_COBSCCOMP191P_008Tests.swift; sourceTree = "<group>"; };
		6B3A532E251E77E700A12344 /* Info.plist */ = {isa = PBXFileReference; lastKnownFileType = text.plist.xml; path = Info.plist; sourceTree = "<group>"; };
		6B3A5334251E7B7E00A12344 /* ValidationService.swift */ = {isa = PBXFileReference; lastKnownFileType = sourcecode.swift; path = ValidationService.swift; sourceTree = "<group>"; };
		6B3A5336251E82F700A12344 /* ValidationServiceTests.swift */ = {isa = PBXFileReference; lastKnownFileType = sourcecode.swift; path = ValidationServiceTests.swift; sourceTree = "<group>"; };
		6B3E07982513426900D34727 /* LoginViewController.swift */ = {isa = PBXFileReference; lastKnownFileType = sourcecode.swift; path = LoginViewController.swift; sourceTree = "<group>"; };
		6B3E079A2513429300D34727 /* RegisterViewController.swift */ = {isa = PBXFileReference; lastKnownFileType = sourcecode.swift; path = RegisterViewController.swift; sourceTree = "<group>"; };
		6B3EE5C62514889E00788194 /* Service.swift */ = {isa = PBXFileReference; lastKnownFileType = sourcecode.swift; path = Service.swift; sourceTree = "<group>"; };
		6B6CDA3325145954000C1D63 /* Constants.swift */ = {isa = PBXFileReference; lastKnownFileType = sourcecode.swift; path = Constants.swift; sourceTree = "<group>"; };
		6B6CDA3525145C2E000C1D63 /* GoogleService-Info.plist */ = {isa = PBXFileReference; fileEncoding = 4; lastKnownFileType = text.plist.xml; path = "GoogleService-Info.plist"; sourceTree = "<group>"; };
		6B6CDA3725146196000C1D63 /* Cell.swift */ = {isa = PBXFileReference; lastKnownFileType = sourcecode.swift; path = Cell.swift; sourceTree = "<group>"; };
		6B6CDA3A25146943000C1D63 /* ProfileViewController.swift */ = {isa = PBXFileReference; lastKnownFileType = sourcecode.swift; path = ProfileViewController.swift; sourceTree = "<group>"; };
		6B6CDA3C25146B04000C1D63 /* ContactUsViewController.swift */ = {isa = PBXFileReference; lastKnownFileType = sourcecode.swift; path = ContactUsViewController.swift; sourceTree = "<group>"; };
		6B6CDA3E25146BA9000C1D63 /* ShareViewController.swift */ = {isa = PBXFileReference; lastKnownFileType = sourcecode.swift; path = ShareViewController.swift; sourceTree = "<group>"; };
		6B7B9941251598D0007ED221 /* MapViewController.swift */ = {isa = PBXFileReference; lastKnownFileType = sourcecode.swift; path = MapViewController.swift; sourceTree = "<group>"; };
		6B9D6C9425172CE900919DDA /* SurveyViewController.swift */ = {isa = PBXFileReference; lastKnownFileType = sourcecode.swift; path = SurveyViewController.swift; sourceTree = "<group>"; };
		6B9D6C96251731C800919DDA /* Survey.swift */ = {isa = PBXFileReference; lastKnownFileType = sourcecode.swift; path = Survey.swift; sourceTree = "<group>"; };
		6B9D6C98251732BF00919DDA /* SurveyBrain.swift */ = {isa = PBXFileReference; lastKnownFileType = sourcecode.swift; path = SurveyBrain.swift; sourceTree = "<group>"; };
		6BA1021F2513DA54003AED13 /* StatusViewController.swift */ = {isa = PBXFileReference; lastKnownFileType = sourcecode.swift; path = StatusViewController.swift; sourceTree = "<group>"; };
		6BA102232513F1B0003AED13 /* SettingsViewController.swift */ = {isa = PBXFileReference; lastKnownFileType = sourcecode.swift; path = SettingsViewController.swift; sourceTree = "<group>"; };
		6BA8362D25161C860004F2C7 /* CreateNotificationViewController.swift */ = {isa = PBXFileReference; lastKnownFileType = sourcecode.swift; path = CreateNotificationViewController.swift; sourceTree = "<group>"; };
		6BE86DD325175C96004A9513 /* SafeActionsViewController.swift */ = {isa = PBXFileReference; lastKnownFileType = sourcecode.swift; path = SafeActionsViewController.swift; sourceTree = "<group>"; };
		6BE86DD525175E19004A9513 /* DataViewController.swift */ = {isa = PBXFileReference; lastKnownFileType = sourcecode.swift; path = DataViewController.swift; sourceTree = "<group>"; };
		6BFCE53225133D670010A5D8 /* HMDRWHERATH_9630723_COBSCCOMP191P-008.app */ = {isa = PBXFileReference; explicitFileType = wrapper.application; includeInIndex = 0; path = "HMDRWHERATH_9630723_COBSCCOMP191P-008.app"; sourceTree = BUILT_PRODUCTS_DIR; };
		6BFCE53525133D670010A5D8 /* AppDelegate.swift */ = {isa = PBXFileReference; lastKnownFileType = sourcecode.swift; path = AppDelegate.swift; sourceTree = "<group>"; };
		6BFCE53725133D670010A5D8 /* SceneDelegate.swift */ = {isa = PBXFileReference; lastKnownFileType = sourcecode.swift; path = SceneDelegate.swift; sourceTree = "<group>"; };
		6BFCE53925133D670010A5D8 /* HomeViewContoller.swift */ = {isa = PBXFileReference; lastKnownFileType = sourcecode.swift; path = HomeViewContoller.swift; sourceTree = "<group>"; };
		6BFCE53C25133D670010A5D8 /* Base */ = {isa = PBXFileReference; lastKnownFileType = file.storyboard; name = Base; path = Base.lproj/Main.storyboard; sourceTree = "<group>"; };
		6BFCE53E25133D680010A5D8 /* Assets.xcassets */ = {isa = PBXFileReference; lastKnownFileType = folder.assetcatalog; path = Assets.xcassets; sourceTree = "<group>"; };
		6BFCE54125133D680010A5D8 /* Base */ = {isa = PBXFileReference; lastKnownFileType = file.storyboard; name = Base; path = Base.lproj/LaunchScreen.storyboard; sourceTree = "<group>"; };
		6BFCE54325133D680010A5D8 /* Info.plist */ = {isa = PBXFileReference; lastKnownFileType = text.plist.xml; path = Info.plist; sourceTree = "<group>"; };
		6BFE3C2A2517C7DB00BD6650 /* HMDRWHERATH_9630723_COBSCCOMP191P-008UITests.xctest */ = {isa = PBXFileReference; explicitFileType = wrapper.cfbundle; includeInIndex = 0; path = "HMDRWHERATH_9630723_COBSCCOMP191P-008UITests.xctest"; sourceTree = BUILT_PRODUCTS_DIR; };
		6BFE3C2C2517C7DB00BD6650 /* HMDRWHERATH_9630723_COBSCCOMP191P_008UITests.swift */ = {isa = PBXFileReference; lastKnownFileType = sourcecode.swift; path = HMDRWHERATH_9630723_COBSCCOMP191P_008UITests.swift; sourceTree = "<group>"; };
		6BFE3C2E2517C7DB00BD6650 /* Info.plist */ = {isa = PBXFileReference; lastKnownFileType = text.plist.xml; path = Info.plist; sourceTree = "<group>"; };
		858070F2A870CFAA4690607F /* Pods-HMDRWHERATH_9630723_COBSCCOMP191P-008.debug.xcconfig */ = {isa = PBXFileReference; includeInIndex = 1; lastKnownFileType = text.xcconfig; name = "Pods-HMDRWHERATH_9630723_COBSCCOMP191P-008.debug.xcconfig"; path = "Target Support Files/Pods-HMDRWHERATH_9630723_COBSCCOMP191P-008/Pods-HMDRWHERATH_9630723_COBSCCOMP191P-008.debug.xcconfig"; sourceTree = "<group>"; };
		E82FDDBA40A5958C73DECA6A /* Pods-HMDRWHERATH_9630723_COBSCCOMP191P-008.release.xcconfig */ = {isa = PBXFileReference; includeInIndex = 1; lastKnownFileType = text.xcconfig; name = "Pods-HMDRWHERATH_9630723_COBSCCOMP191P-008.release.xcconfig"; path = "Target Support Files/Pods-HMDRWHERATH_9630723_COBSCCOMP191P-008/Pods-HMDRWHERATH_9630723_COBSCCOMP191P-008.release.xcconfig"; sourceTree = "<group>"; };
		F5F3D03A8B7C83345A0EF258 /* Pods_HMDRWHERATH_9630723_COBSCCOMP191P_008Tests.framework */ = {isa = PBXFileReference; explicitFileType = wrapper.framework; includeInIndex = 0; path = Pods_HMDRWHERATH_9630723_COBSCCOMP191P_008Tests.framework; sourceTree = BUILT_PRODUCTS_DIR; };
/* End PBXFileReference section */

/* Begin PBXFrameworksBuildPhase section */
		6B3A5327251E77E700A12344 /* Frameworks */ = {
			isa = PBXFrameworksBuildPhase;
			buildActionMask = 2147483647;
			files = (
				7367E6B2239D7C6395B38FCB /* Pods_HMDRWHERATH_9630723_COBSCCOMP191P_008Tests.framework in Frameworks */,
			);
			runOnlyForDeploymentPostprocessing = 0;
		};
		6BFCE52F25133D670010A5D8 /* Frameworks */ = {
			isa = PBXFrameworksBuildPhase;
			buildActionMask = 2147483647;
			files = (
				387F35E258F5E1DE61E81C35 /* Pods_HMDRWHERATH_9630723_COBSCCOMP191P_008.framework in Frameworks */,
			);
			runOnlyForDeploymentPostprocessing = 0;
		};
		6BFE3C272517C7DB00BD6650 /* Frameworks */ = {
			isa = PBXFrameworksBuildPhase;
			buildActionMask = 2147483647;
			files = (
			);
			runOnlyForDeploymentPostprocessing = 0;
		};
/* End PBXFrameworksBuildPhase section */

/* Begin PBXGroup section */
		6B3A532B251E77E700A12344 /* HMDRWHERATH_9630723_COBSCCOMP191P-008Tests */ = {
			isa = PBXGroup;
			children = (
				6B3A532C251E77E700A12344 /* HMDRWHERATH_9630723_COBSCCOMP191P_008Tests.swift */,
				6B3A532E251E77E700A12344 /* Info.plist */,
				6B3A5336251E82F700A12344 /* ValidationServiceTests.swift */,
			);
			path = "HMDRWHERATH_9630723_COBSCCOMP191P-008Tests";
			sourceTree = "<group>";
		};
		6B3E0796251340EB00D34727 /* Views */ = {
			isa = PBXGroup;
			children = (
				6BFCE53B25133D670010A5D8 /* Main.storyboard */,
			);
			path = Views;
			sourceTree = "<group>";
		};
		6B3E0797251340FC00D34727 /* Controllers */ = {
			isa = PBXGroup;
			children = (
				6BFCE53925133D670010A5D8 /* HomeViewContoller.swift */,
				6B3E07982513426900D34727 /* LoginViewController.swift */,
				6B3E079A2513429300D34727 /* RegisterViewController.swift */,
				6BA1021F2513DA54003AED13 /* StatusViewController.swift */,
				6BA102232513F1B0003AED13 /* SettingsViewController.swift */,
				6B6CDA3A25146943000C1D63 /* ProfileViewController.swift */,
				6B6CDA3C25146B04000C1D63 /* ContactUsViewController.swift */,
				6B6CDA3E25146BA9000C1D63 /* ShareViewController.swift */,
				6B7B9941251598D0007ED221 /* MapViewController.swift */,
				6BA8362D25161C860004F2C7 /* CreateNotificationViewController.swift */,
				6B0AF46125165C58004717CB /* NotificationsViewController.swift */,
				6B9D6C9425172CE900919DDA /* SurveyViewController.swift */,
				6BE86DD325175C96004A9513 /* SafeActionsViewController.swift */,
				6BE86DD525175E19004A9513 /* DataViewController.swift */,
				6B24385525176728003A881B /* CustomPageViewController.swift */,
				6B19686D251F7310009AD457 /* BiometricViewController.swift */,
			);
			path = Controllers;
			sourceTree = "<group>";
		};
		6B3EE5C8251488A600788194 /* Service */ = {
			isa = PBXGroup;
			children = (
				6B3EE5C62514889E00788194 /* Service.swift */,
				6B3A5334251E7B7E00A12344 /* ValidationService.swift */,
				6B19686B251F6A7B009AD457 /* BiometricAuthService.swift */,
				6B19686F251F7791009AD457 /* KeychainPasswordItem.swift */,
				6B196871251F780B009AD457 /* KeychainConfig.swift */,
			);
			path = Service;
			sourceTree = "<group>";
		};
		6B6CDA392514619E000C1D63 /* Models */ = {
			isa = PBXGroup;
			children = (
				6B6CDA3725146196000C1D63 /* Cell.swift */,
				6B0115C82515449100A27D54 /* User.swift */,
				6B9D6C96251731C800919DDA /* Survey.swift */,
				6B9D6C98251732BF00919DDA /* SurveyBrain.swift */,
			);
			path = Models;
			sourceTree = "<group>";
		};
		6BFCE52925133D670010A5D8 = {
			isa = PBXGroup;
			children = (
				6BFCE53425133D670010A5D8 /* HMDRWHERATH_9630723_COBSCCOMP191P-008 */,
				6BFE3C2B2517C7DB00BD6650 /* HMDRWHERATH_9630723_COBSCCOMP191P-008UITests */,
				6B3A532B251E77E700A12344 /* HMDRWHERATH_9630723_COBSCCOMP191P-008Tests */,
				6BFCE53325133D670010A5D8 /* Products */,
				8149FED0EB4C66A1E90AC8A1 /* Pods */,
				C5C09EB57A77D5788ED0A36D /* Frameworks */,
			);
			sourceTree = "<group>";
		};
		6BFCE53325133D670010A5D8 /* Products */ = {
			isa = PBXGroup;
			children = (
				6BFCE53225133D670010A5D8 /* HMDRWHERATH_9630723_COBSCCOMP191P-008.app */,
				6BFE3C2A2517C7DB00BD6650 /* HMDRWHERATH_9630723_COBSCCOMP191P-008UITests.xctest */,
				6B3A532A251E77E700A12344 /* HMDRWHERATH_9630723_COBSCCOMP191P-008Tests.xctest */,
			);
			name = Products;
			sourceTree = "<group>";
		};
		6BFCE53425133D670010A5D8 /* HMDRWHERATH_9630723_COBSCCOMP191P-008 */ = {
			isa = PBXGroup;
			children = (
				6BFCE53525133D670010A5D8 /* AppDelegate.swift */,
				6BFCE53725133D670010A5D8 /* SceneDelegate.swift */,
				6B6CDA392514619E000C1D63 /* Models */,
				6B3E0797251340FC00D34727 /* Controllers */,
				6B3E0796251340EB00D34727 /* Views */,
				6BFCE53E25133D680010A5D8 /* Assets.xcassets */,
				6BFCE54025133D680010A5D8 /* LaunchScreen.storyboard */,
				6BFCE54325133D680010A5D8 /* Info.plist */,
				6B6CDA3525145C2E000C1D63 /* GoogleService-Info.plist */,
				6B6CDA3325145954000C1D63 /* Constants.swift */,
				6B3EE5C8251488A600788194 /* Service */,
				6B1DBC442515EAEF00C51ACB /* ColorPointAnnotation.swift */,
			);
			path = "HMDRWHERATH_9630723_COBSCCOMP191P-008";
			sourceTree = "<group>";
		};
		6BFE3C2B2517C7DB00BD6650 /* HMDRWHERATH_9630723_COBSCCOMP191P-008UITests */ = {
			isa = PBXGroup;
			children = (
				6BFE3C2C2517C7DB00BD6650 /* HMDRWHERATH_9630723_COBSCCOMP191P_008UITests.swift */,
				6BFE3C2E2517C7DB00BD6650 /* Info.plist */,
			);
			path = "HMDRWHERATH_9630723_COBSCCOMP191P-008UITests";
			sourceTree = "<group>";
		};
		8149FED0EB4C66A1E90AC8A1 /* Pods */ = {
			isa = PBXGroup;
			children = (
				858070F2A870CFAA4690607F /* Pods-HMDRWHERATH_9630723_COBSCCOMP191P-008.debug.xcconfig */,
				E82FDDBA40A5958C73DECA6A /* Pods-HMDRWHERATH_9630723_COBSCCOMP191P-008.release.xcconfig */,
				2EF31B7C58BB6EBED9CA32C0 /* Pods-HMDRWHERATH_9630723_COBSCCOMP191P-008Tests.debug.xcconfig */,
				4C590E9FA3A88175DFA8847C /* Pods-HMDRWHERATH_9630723_COBSCCOMP191P-008Tests.release.xcconfig */,
			);
			path = Pods;
			sourceTree = "<group>";
		};
		C5C09EB57A77D5788ED0A36D /* Frameworks */ = {
			isa = PBXGroup;
			children = (
				08CDE71DB25DF2CE5EE5039C /* Pods_HMDRWHERATH_9630723_COBSCCOMP191P_008.framework */,
				F5F3D03A8B7C83345A0EF258 /* Pods_HMDRWHERATH_9630723_COBSCCOMP191P_008Tests.framework */,
			);
			name = Frameworks;
			sourceTree = "<group>";
		};
/* End PBXGroup section */

/* Begin PBXNativeTarget section */
		6B3A5329251E77E700A12344 /* HMDRWHERATH_9630723_COBSCCOMP191P-008Tests */ = {
			isa = PBXNativeTarget;
			buildConfigurationList = 6B3A5333251E77E700A12344 /* Build configuration list for PBXNativeTarget "HMDRWHERATH_9630723_COBSCCOMP191P-008Tests" */;
			buildPhases = (
				828932908221D0609B844E80 /* [CP] Check Pods Manifest.lock */,
				6B3A5326251E77E700A12344 /* Sources */,
				6B3A5327251E77E700A12344 /* Frameworks */,
				6B3A5328251E77E700A12344 /* Resources */,
			);
			buildRules = (
			);
			dependencies = (
				6B3A5330251E77E700A12344 /* PBXTargetDependency */,
			);
			name = "HMDRWHERATH_9630723_COBSCCOMP191P-008Tests";
			productName = "HMDRWHERATH_9630723_COBSCCOMP191P-008Tests";
			productReference = 6B3A532A251E77E700A12344 /* HMDRWHERATH_9630723_COBSCCOMP191P-008Tests.xctest */;
			productType = "com.apple.product-type.bundle.unit-test";
		};
		6BFCE53125133D670010A5D8 /* HMDRWHERATH_9630723_COBSCCOMP191P-008 */ = {
			isa = PBXNativeTarget;
			buildConfigurationList = 6BFCE54625133D680010A5D8 /* Build configuration list for PBXNativeTarget "HMDRWHERATH_9630723_COBSCCOMP191P-008" */;
			buildPhases = (
				7B678174681EDAC08444AA8E /* [CP] Check Pods Manifest.lock */,
				6BFCE52E25133D670010A5D8 /* Sources */,
				6BFCE52F25133D670010A5D8 /* Frameworks */,
				6BFCE53025133D670010A5D8 /* Resources */,
				9C2B8A072DB2D79AF5B8809C /* [CP] Embed Pods Frameworks */,
			);
			buildRules = (
			);
			dependencies = (
			);
			name = "HMDRWHERATH_9630723_COBSCCOMP191P-008";
			productName = "HMDRWHERATH_9630723_COBSCCOMP191P-008";
			productReference = 6BFCE53225133D670010A5D8 /* HMDRWHERATH_9630723_COBSCCOMP191P-008.app */;
			productType = "com.apple.product-type.application";
		};
		6BFE3C292517C7DB00BD6650 /* HMDRWHERATH_9630723_COBSCCOMP191P-008UITests */ = {
			isa = PBXNativeTarget;
			buildConfigurationList = 6BFE3C332517C7DB00BD6650 /* Build configuration list for PBXNativeTarget "HMDRWHERATH_9630723_COBSCCOMP191P-008UITests" */;
			buildPhases = (
				6BFE3C262517C7DB00BD6650 /* Sources */,
				6BFE3C272517C7DB00BD6650 /* Frameworks */,
				6BFE3C282517C7DB00BD6650 /* Resources */,
			);
			buildRules = (
			);
			dependencies = (
				6BFE3C302517C7DB00BD6650 /* PBXTargetDependency */,
			);
			name = "HMDRWHERATH_9630723_COBSCCOMP191P-008UITests";
			productName = "HMDRWHERATH_9630723_COBSCCOMP191P-008UITests";
			productReference = 6BFE3C2A2517C7DB00BD6650 /* HMDRWHERATH_9630723_COBSCCOMP191P-008UITests.xctest */;
			productType = "com.apple.product-type.bundle.ui-testing";
		};
/* End PBXNativeTarget section */

/* Begin PBXProject section */
		6BFCE52A25133D670010A5D8 /* Project object */ = {
			isa = PBXProject;
			attributes = {
				LastSwiftUpdateCheck = 1170;
				LastUpgradeCheck = 1170;
				ORGANIZATIONNAME = "Devin Herath";
				TargetAttributes = {
					6B3A5329251E77E700A12344 = {
						CreatedOnToolsVersion = 11.7;
						TestTargetID = 6BFCE53125133D670010A5D8;
					};
					6BFCE53125133D670010A5D8 = {
						CreatedOnToolsVersion = 11.7;
					};
					6BFE3C292517C7DB00BD6650 = {
						CreatedOnToolsVersion = 11.7;
						TestTargetID = 6BFCE53125133D670010A5D8;
					};
				};
			};
			buildConfigurationList = 6BFCE52D25133D670010A5D8 /* Build configuration list for PBXProject "HMDRWHERATH_9630723_COBSCCOMP191P-008" */;
			compatibilityVersion = "Xcode 9.3";
			developmentRegion = en;
			hasScannedForEncodings = 0;
			knownRegions = (
				en,
				Base,
			);
			mainGroup = 6BFCE52925133D670010A5D8;
			productRefGroup = 6BFCE53325133D670010A5D8 /* Products */;
			projectDirPath = "";
			projectRoot = "";
			targets = (
				6BFCE53125133D670010A5D8 /* HMDRWHERATH_9630723_COBSCCOMP191P-008 */,
				6BFE3C292517C7DB00BD6650 /* HMDRWHERATH_9630723_COBSCCOMP191P-008UITests */,
				6B3A5329251E77E700A12344 /* HMDRWHERATH_9630723_COBSCCOMP191P-008Tests */,
			);
		};
/* End PBXProject section */

/* Begin PBXResourcesBuildPhase section */
		6B3A5328251E77E700A12344 /* Resources */ = {
			isa = PBXResourcesBuildPhase;
			buildActionMask = 2147483647;
			files = (
			);
			runOnlyForDeploymentPostprocessing = 0;
		};
		6BFCE53025133D670010A5D8 /* Resources */ = {
			isa = PBXResourcesBuildPhase;
			buildActionMask = 2147483647;
			files = (
				6BFCE54225133D680010A5D8 /* LaunchScreen.storyboard in Resources */,
				6B6CDA3625145C2E000C1D63 /* GoogleService-Info.plist in Resources */,
				6BFCE53F25133D680010A5D8 /* Assets.xcassets in Resources */,
				6BFCE53D25133D670010A5D8 /* Main.storyboard in Resources */,
			);
			runOnlyForDeploymentPostprocessing = 0;
		};
		6BFE3C282517C7DB00BD6650 /* Resources */ = {
			isa = PBXResourcesBuildPhase;
			buildActionMask = 2147483647;
			files = (
			);
			runOnlyForDeploymentPostprocessing = 0;
		};
/* End PBXResourcesBuildPhase section */

/* Begin PBXShellScriptBuildPhase section */
		7B678174681EDAC08444AA8E /* [CP] Check Pods Manifest.lock */ = {
			isa = PBXShellScriptBuildPhase;
			buildActionMask = 2147483647;
			files = (
			);
			inputFileListPaths = (
			);
			inputPaths = (
				"${PODS_PODFILE_DIR_PATH}/Podfile.lock",
				"${PODS_ROOT}/Manifest.lock",
			);
			name = "[CP] Check Pods Manifest.lock";
			outputFileListPaths = (
			);
			outputPaths = (
				"$(DERIVED_FILE_DIR)/Pods-HMDRWHERATH_9630723_COBSCCOMP191P-008-checkManifestLockResult.txt",
			);
			runOnlyForDeploymentPostprocessing = 0;
			shellPath = /bin/sh;
			shellScript = "diff \"${PODS_PODFILE_DIR_PATH}/Podfile.lock\" \"${PODS_ROOT}/Manifest.lock\" > /dev/null\nif [ $? != 0 ] ; then\n    # print error to STDERR\n    echo \"error: The sandbox is not in sync with the Podfile.lock. Run 'pod install' or update your CocoaPods installation.\" >&2\n    exit 1\nfi\n# This output is used by Xcode 'outputs' to avoid re-running this script phase.\necho \"SUCCESS\" > \"${SCRIPT_OUTPUT_FILE_0}\"\n";
			showEnvVarsInLog = 0;
		};
		828932908221D0609B844E80 /* [CP] Check Pods Manifest.lock */ = {
			isa = PBXShellScriptBuildPhase;
			buildActionMask = 2147483647;
			files = (
			);
			inputFileListPaths = (
			);
			inputPaths = (
				"${PODS_PODFILE_DIR_PATH}/Podfile.lock",
				"${PODS_ROOT}/Manifest.lock",
			);
			name = "[CP] Check Pods Manifest.lock";
			outputFileListPaths = (
			);
			outputPaths = (
				"$(DERIVED_FILE_DIR)/Pods-HMDRWHERATH_9630723_COBSCCOMP191P-008Tests-checkManifestLockResult.txt",
			);
			runOnlyForDeploymentPostprocessing = 0;
			shellPath = /bin/sh;
			shellScript = "diff \"${PODS_PODFILE_DIR_PATH}/Podfile.lock\" \"${PODS_ROOT}/Manifest.lock\" > /dev/null\nif [ $? != 0 ] ; then\n    # print error to STDERR\n    echo \"error: The sandbox is not in sync with the Podfile.lock. Run 'pod install' or update your CocoaPods installation.\" >&2\n    exit 1\nfi\n# This output is used by Xcode 'outputs' to avoid re-running this script phase.\necho \"SUCCESS\" > \"${SCRIPT_OUTPUT_FILE_0}\"\n";
			showEnvVarsInLog = 0;
		};
		9C2B8A072DB2D79AF5B8809C /* [CP] Embed Pods Frameworks */ = {
			isa = PBXShellScriptBuildPhase;
			buildActionMask = 2147483647;
			files = (
			);
			inputFileListPaths = (
				"${PODS_ROOT}/Target Support Files/Pods-HMDRWHERATH_9630723_COBSCCOMP191P-008/Pods-HMDRWHERATH_9630723_COBSCCOMP191P-008-frameworks-${CONFIGURATION}-input-files.xcfilelist",
			);
			name = "[CP] Embed Pods Frameworks";
			outputFileListPaths = (
				"${PODS_ROOT}/Target Support Files/Pods-HMDRWHERATH_9630723_COBSCCOMP191P-008/Pods-HMDRWHERATH_9630723_COBSCCOMP191P-008-frameworks-${CONFIGURATION}-output-files.xcfilelist",
			);
			runOnlyForDeploymentPostprocessing = 0;
			shellPath = /bin/sh;
			shellScript = "\"${PODS_ROOT}/Target Support Files/Pods-HMDRWHERATH_9630723_COBSCCOMP191P-008/Pods-HMDRWHERATH_9630723_COBSCCOMP191P-008-frameworks.sh\"\n";
			showEnvVarsInLog = 0;
		};
/* End PBXShellScriptBuildPhase section */

/* Begin PBXSourcesBuildPhase section */
		6B3A5326251E77E700A12344 /* Sources */ = {
			isa = PBXSourcesBuildPhase;
			buildActionMask = 2147483647;
			files = (
				6B3A5337251E82F700A12344 /* ValidationServiceTests.swift in Sources */,
				6B3A532D251E77E700A12344 /* HMDRWHERATH_9630723_COBSCCOMP191P_008Tests.swift in Sources */,
			);
			runOnlyForDeploymentPostprocessing = 0;
		};
		6BFCE52E25133D670010A5D8 /* Sources */ = {
			isa = PBXSourcesBuildPhase;
			buildActionMask = 2147483647;
			files = (
				6BA8362E25161C860004F2C7 /* CreateNotificationViewController.swift in Sources */,
				6B3E07992513426900D34727 /* LoginViewController.swift in Sources */,
				6B9D6C9525172CE900919DDA /* SurveyViewController.swift in Sources */,
				6B196870251F7791009AD457 /* KeychainPasswordItem.swift in Sources */,
				6B3EE5C72514889E00788194 /* Service.swift in Sources */,
				6BE86DD625175E19004A9513 /* DataViewController.swift in Sources */,
				6B3E079B2513429300D34727 /* RegisterViewController.swift in Sources */,
				6B3A5335251E7B7E00A12344 /* ValidationService.swift in Sources */,
				6BE86DD425175C96004A9513 /* SafeActionsViewController.swift in Sources */,
				6B9D6C99251732BF00919DDA /* SurveyBrain.swift in Sources */,
				6B19686E251F7310009AD457 /* BiometricViewController.swift in Sources */,
				6B24385625176728003A881B /* CustomPageViewController.swift in Sources */,
				6B6CDA3B25146943000C1D63 /* ProfileViewController.swift in Sources */,
				6B196872251F780B009AD457 /* KeychainConfig.swift in Sources */,
				6BA102242513F1B0003AED13 /* SettingsViewController.swift in Sources */,
				6BFCE53A25133D670010A5D8 /* HomeViewContoller.swift in Sources */,
				6B0115C92515449100A27D54 /* User.swift in Sources */,
				6B19686C251F6A7B009AD457 /* BiometricAuthService.swift in Sources */,
				6BFCE53625133D670010A5D8 /* AppDelegate.swift in Sources */,
				6B0AF46225165C58004717CB /* NotificationsViewController.swift in Sources */,
				6B6CDA3F25146BA9000C1D63 /* ShareViewController.swift in Sources */,
				6B1DBC452515EAEF00C51ACB /* ColorPointAnnotation.swift in Sources */,
				6B6CDA3825146196000C1D63 /* Cell.swift in Sources */,
				6BA102202513DA54003AED13 /* StatusViewController.swift in Sources */,
				6BFCE53825133D670010A5D8 /* SceneDelegate.swift in Sources */,
				6B6CDA3425145954000C1D63 /* Constants.swift in Sources */,
				6B9D6C97251731C800919DDA /* Survey.swift in Sources */,
				6B7B9942251598D0007ED221 /* MapViewController.swift in Sources */,
				6B6CDA3D25146B04000C1D63 /* ContactUsViewController.swift in Sources */,
			);
			runOnlyForDeploymentPostprocessing = 0;
		};
		6BFE3C262517C7DB00BD6650 /* Sources */ = {
			isa = PBXSourcesBuildPhase;
			buildActionMask = 2147483647;
			files = (
				6BFE3C2D2517C7DB00BD6650 /* HMDRWHERATH_9630723_COBSCCOMP191P_008UITests.swift in Sources */,
			);
			runOnlyForDeploymentPostprocessing = 0;
		};
/* End PBXSourcesBuildPhase section */

/* Begin PBXTargetDependency section */
		6B3A5330251E77E700A12344 /* PBXTargetDependency */ = {
			isa = PBXTargetDependency;
			target = 6BFCE53125133D670010A5D8 /* HMDRWHERATH_9630723_COBSCCOMP191P-008 */;
			targetProxy = 6B3A532F251E77E700A12344 /* PBXContainerItemProxy */;
		};
		6BFE3C302517C7DB00BD6650 /* PBXTargetDependency */ = {
			isa = PBXTargetDependency;
			target = 6BFCE53125133D670010A5D8 /* HMDRWHERATH_9630723_COBSCCOMP191P-008 */;
			targetProxy = 6BFE3C2F2517C7DB00BD6650 /* PBXContainerItemProxy */;
		};
/* End PBXTargetDependency section */

/* Begin PBXVariantGroup section */
		6BFCE53B25133D670010A5D8 /* Main.storyboard */ = {
			isa = PBXVariantGroup;
			children = (
				6BFCE53C25133D670010A5D8 /* Base */,
			);
			name = Main.storyboard;
			sourceTree = "<group>";
		};
		6BFCE54025133D680010A5D8 /* LaunchScreen.storyboard */ = {
			isa = PBXVariantGroup;
			children = (
				6BFCE54125133D680010A5D8 /* Base */,
			);
			name = LaunchScreen.storyboard;
			sourceTree = "<group>";
		};
/* End PBXVariantGroup section */

/* Begin XCBuildConfiguration section */
		6B3A5331251E77E700A12344 /* Debug */ = {
			isa = XCBuildConfiguration;
			baseConfigurationReference = 2EF31B7C58BB6EBED9CA32C0 /* Pods-HMDRWHERATH_9630723_COBSCCOMP191P-008Tests.debug.xcconfig */;
			buildSettings = {
				BUNDLE_LOADER = "$(TEST_HOST)";
				CODE_SIGN_STYLE = Automatic;
				INFOPLIST_FILE = "HMDRWHERATH_9630723_COBSCCOMP191P-008Tests/Info.plist";
				LD_RUNPATH_SEARCH_PATHS = (
					"$(inherited)",
					"@executable_path/Frameworks",
					"@loader_path/Frameworks",
				);
				PRODUCT_BUNDLE_IDENTIFIER = "com.95revolution.HMDRWHERATH-9630723-COBSCCOMP191P-008Tests";
				PRODUCT_NAME = "$(TARGET_NAME)";
				SWIFT_VERSION = 5.0;
				TARGETED_DEVICE_FAMILY = "1,2";
				TEST_HOST = "$(BUILT_PRODUCTS_DIR)/HMDRWHERATH_9630723_COBSCCOMP191P-008.app/HMDRWHERATH_9630723_COBSCCOMP191P-008";
			};
			name = Debug;
		};
		6B3A5332251E77E700A12344 /* Release */ = {
			isa = XCBuildConfiguration;
			baseConfigurationReference = 4C590E9FA3A88175DFA8847C /* Pods-HMDRWHERATH_9630723_COBSCCOMP191P-008Tests.release.xcconfig */;
			buildSettings = {
				BUNDLE_LOADER = "$(TEST_HOST)";
				CODE_SIGN_STYLE = Automatic;
				INFOPLIST_FILE = "HMDRWHERATH_9630723_COBSCCOMP191P-008Tests/Info.plist";
				LD_RUNPATH_SEARCH_PATHS = (
					"$(inherited)",
					"@executable_path/Frameworks",
					"@loader_path/Frameworks",
				);
				PRODUCT_BUNDLE_IDENTIFIER = "com.95revolution.HMDRWHERATH-9630723-COBSCCOMP191P-008Tests";
				PRODUCT_NAME = "$(TARGET_NAME)";
				SWIFT_VERSION = 5.0;
				TARGETED_DEVICE_FAMILY = "1,2";
				TEST_HOST = "$(BUILT_PRODUCTS_DIR)/HMDRWHERATH_9630723_COBSCCOMP191P-008.app/HMDRWHERATH_9630723_COBSCCOMP191P-008";
			};
			name = Release;
		};
		6BFCE54425133D680010A5D8 /* Debug */ = {
			isa = XCBuildConfiguration;
			buildSettings = {
				ALWAYS_SEARCH_USER_PATHS = NO;
				CLANG_ANALYZER_NONNULL = YES;
				CLANG_ANALYZER_NUMBER_OBJECT_CONVERSION = YES_AGGRESSIVE;
				CLANG_CXX_LANGUAGE_STANDARD = "gnu++14";
				CLANG_CXX_LIBRARY = "libc++";
				CLANG_ENABLE_MODULES = YES;
				CLANG_ENABLE_OBJC_ARC = YES;
				CLANG_ENABLE_OBJC_WEAK = YES;
				CLANG_WARN_BLOCK_CAPTURE_AUTORELEASING = YES;
				CLANG_WARN_BOOL_CONVERSION = YES;
				CLANG_WARN_COMMA = YES;
				CLANG_WARN_CONSTANT_CONVERSION = YES;
				CLANG_WARN_DEPRECATED_OBJC_IMPLEMENTATIONS = YES;
				CLANG_WARN_DIRECT_OBJC_ISA_USAGE = YES_ERROR;
				CLANG_WARN_DOCUMENTATION_COMMENTS = YES;
				CLANG_WARN_EMPTY_BODY = YES;
				CLANG_WARN_ENUM_CONVERSION = YES;
				CLANG_WARN_INFINITE_RECURSION = YES;
				CLANG_WARN_INT_CONVERSION = YES;
				CLANG_WARN_NON_LITERAL_NULL_CONVERSION = YES;
				CLANG_WARN_OBJC_IMPLICIT_RETAIN_SELF = YES;
				CLANG_WARN_OBJC_LITERAL_CONVERSION = YES;
				CLANG_WARN_OBJC_ROOT_CLASS = YES_ERROR;
				CLANG_WARN_RANGE_LOOP_ANALYSIS = YES;
				CLANG_WARN_STRICT_PROTOTYPES = YES;
				CLANG_WARN_SUSPICIOUS_MOVE = YES;
				CLANG_WARN_UNGUARDED_AVAILABILITY = YES_AGGRESSIVE;
				CLANG_WARN_UNREACHABLE_CODE = YES;
				CLANG_WARN__DUPLICATE_METHOD_MATCH = YES;
				COPY_PHASE_STRIP = NO;
				DEBUG_INFORMATION_FORMAT = dwarf;
				ENABLE_STRICT_OBJC_MSGSEND = YES;
				ENABLE_TESTABILITY = YES;
				GCC_C_LANGUAGE_STANDARD = gnu11;
				GCC_DYNAMIC_NO_PIC = NO;
				GCC_NO_COMMON_BLOCKS = YES;
				GCC_OPTIMIZATION_LEVEL = 0;
				GCC_PREPROCESSOR_DEFINITIONS = (
					"DEBUG=1",
					"$(inherited)",
				);
				GCC_WARN_64_TO_32_BIT_CONVERSION = YES;
				GCC_WARN_ABOUT_RETURN_TYPE = YES_ERROR;
				GCC_WARN_UNDECLARED_SELECTOR = YES;
				GCC_WARN_UNINITIALIZED_AUTOS = YES_AGGRESSIVE;
				GCC_WARN_UNUSED_FUNCTION = YES;
				GCC_WARN_UNUSED_VARIABLE = YES;
				IPHONEOS_DEPLOYMENT_TARGET = 13.7;
				MTL_ENABLE_DEBUG_INFO = INCLUDE_SOURCE;
				MTL_FAST_MATH = YES;
				ONLY_ACTIVE_ARCH = YES;
				SDKROOT = iphoneos;
				SWIFT_ACTIVE_COMPILATION_CONDITIONS = DEBUG;
				SWIFT_OPTIMIZATION_LEVEL = "-Onone";
			};
			name = Debug;
		};
		6BFCE54525133D680010A5D8 /* Release */ = {
			isa = XCBuildConfiguration;
			buildSettings = {
				ALWAYS_SEARCH_USER_PATHS = NO;
				CLANG_ANALYZER_NONNULL = YES;
				CLANG_ANALYZER_NUMBER_OBJECT_CONVERSION = YES_AGGRESSIVE;
				CLANG_CXX_LANGUAGE_STANDARD = "gnu++14";
				CLANG_CXX_LIBRARY = "libc++";
				CLANG_ENABLE_MODULES = YES;
				CLANG_ENABLE_OBJC_ARC = YES;
				CLANG_ENABLE_OBJC_WEAK = YES;
				CLANG_WARN_BLOCK_CAPTURE_AUTORELEASING = YES;
				CLANG_WARN_BOOL_CONVERSION = YES;
				CLANG_WARN_COMMA = YES;
				CLANG_WARN_CONSTANT_CONVERSION = YES;
				CLANG_WARN_DEPRECATED_OBJC_IMPLEMENTATIONS = YES;
				CLANG_WARN_DIRECT_OBJC_ISA_USAGE = YES_ERROR;
				CLANG_WARN_DOCUMENTATION_COMMENTS = YES;
				CLANG_WARN_EMPTY_BODY = YES;
				CLANG_WARN_ENUM_CONVERSION = YES;
				CLANG_WARN_INFINITE_RECURSION = YES;
				CLANG_WARN_INT_CONVERSION = YES;
				CLANG_WARN_NON_LITERAL_NULL_CONVERSION = YES;
				CLANG_WARN_OBJC_IMPLICIT_RETAIN_SELF = YES;
				CLANG_WARN_OBJC_LITERAL_CONVERSION = YES;
				CLANG_WARN_OBJC_ROOT_CLASS = YES_ERROR;
				CLANG_WARN_RANGE_LOOP_ANALYSIS = YES;
				CLANG_WARN_STRICT_PROTOTYPES = YES;
				CLANG_WARN_SUSPICIOUS_MOVE = YES;
				CLANG_WARN_UNGUARDED_AVAILABILITY = YES_AGGRESSIVE;
				CLANG_WARN_UNREACHABLE_CODE = YES;
				CLANG_WARN__DUPLICATE_METHOD_MATCH = YES;
				COPY_PHASE_STRIP = NO;
				DEBUG_INFORMATION_FORMAT = "dwarf-with-dsym";
				ENABLE_NS_ASSERTIONS = NO;
				ENABLE_STRICT_OBJC_MSGSEND = YES;
				GCC_C_LANGUAGE_STANDARD = gnu11;
				GCC_NO_COMMON_BLOCKS = YES;
				GCC_WARN_64_TO_32_BIT_CONVERSION = YES;
				GCC_WARN_ABOUT_RETURN_TYPE = YES_ERROR;
				GCC_WARN_UNDECLARED_SELECTOR = YES;
				GCC_WARN_UNINITIALIZED_AUTOS = YES_AGGRESSIVE;
				GCC_WARN_UNUSED_FUNCTION = YES;
				GCC_WARN_UNUSED_VARIABLE = YES;
				IPHONEOS_DEPLOYMENT_TARGET = 13.7;
				MTL_ENABLE_DEBUG_INFO = NO;
				MTL_FAST_MATH = YES;
				SDKROOT = iphoneos;
				SWIFT_COMPILATION_MODE = wholemodule;
				SWIFT_OPTIMIZATION_LEVEL = "-O";
				VALIDATE_PRODUCT = YES;
			};
			name = Release;
		};
		6BFCE54725133D680010A5D8 /* Debug */ = {
			isa = XCBuildConfiguration;
			baseConfigurationReference = 858070F2A870CFAA4690607F /* Pods-HMDRWHERATH_9630723_COBSCCOMP191P-008.debug.xcconfig */;
			buildSettings = {
				ASSETCATALOG_COMPILER_APPICON_NAME = AppIcon;
				CODE_SIGN_STYLE = Automatic;
				INFOPLIST_FILE = "HMDRWHERATH_9630723_COBSCCOMP191P-008/Info.plist";
				LD_RUNPATH_SEARCH_PATHS = (
					"$(inherited)",
					"@executable_path/Frameworks",
				);
				PRODUCT_BUNDLE_IDENTIFIER = "com.95revolution.HMDRWHERATH-9630723-COBSCCOMP191P-008";
				PRODUCT_NAME = "$(TARGET_NAME)";
				SWIFT_VERSION = 5.0;
				TARGETED_DEVICE_FAMILY = "1,2";
			};
			name = Debug;
		};
		6BFCE54825133D680010A5D8 /* Release */ = {
			isa = XCBuildConfiguration;
			baseConfigurationReference = E82FDDBA40A5958C73DECA6A /* Pods-HMDRWHERATH_9630723_COBSCCOMP191P-008.release.xcconfig */;
			buildSettings = {
				ASSETCATALOG_COMPILER_APPICON_NAME = AppIcon;
				CODE_SIGN_STYLE = Automatic;
				INFOPLIST_FILE = "HMDRWHERATH_9630723_COBSCCOMP191P-008/Info.plist";
				LD_RUNPATH_SEARCH_PATHS = (
					"$(inherited)",
					"@executable_path/Frameworks",
				);
				PRODUCT_BUNDLE_IDENTIFIER = "com.95revolution.HMDRWHERATH-9630723-COBSCCOMP191P-008";
				PRODUCT_NAME = "$(TARGET_NAME)";
				SWIFT_VERSION = 5.0;
				TARGETED_DEVICE_FAMILY = "1,2";
			};
			name = Release;
		};
		6BFE3C312517C7DB00BD6650 /* Debug */ = {
			isa = XCBuildConfiguration;
			buildSettings = {
				CODE_SIGN_STYLE = Automatic;
				INFOPLIST_FILE = "HMDRWHERATH_9630723_COBSCCOMP191P-008UITests/Info.plist";
				LD_RUNPATH_SEARCH_PATHS = (
					"$(inherited)",
					"@executable_path/Frameworks",
					"@loader_path/Frameworks",
				);
				PRODUCT_BUNDLE_IDENTIFIER = "com.95revolution.HMDRWHERATH-9630723-COBSCCOMP191P-008UITests";
				PRODUCT_NAME = "$(TARGET_NAME)";
				SWIFT_VERSION = 5.0;
				TARGETED_DEVICE_FAMILY = "1,2";
				TEST_TARGET_NAME = "HMDRWHERATH_9630723_COBSCCOMP191P-008";
			};
			name = Debug;
		};
		6BFE3C322517C7DB00BD6650 /* Release */ = {
			isa = XCBuildConfiguration;
			buildSettings = {
				CODE_SIGN_STYLE = Automatic;
				INFOPLIST_FILE = "HMDRWHERATH_9630723_COBSCCOMP191P-008UITests/Info.plist";
				LD_RUNPATH_SEARCH_PATHS = (
					"$(inherited)",
					"@executable_path/Frameworks",
					"@loader_path/Frameworks",
				);
				PRODUCT_BUNDLE_IDENTIFIER = "com.95revolution.HMDRWHERATH-9630723-COBSCCOMP191P-008UITests";
				PRODUCT_NAME = "$(TARGET_NAME)";
				SWIFT_VERSION = 5.0;
				TARGETED_DEVICE_FAMILY = "1,2";
				TEST_TARGET_NAME = "HMDRWHERATH_9630723_COBSCCOMP191P-008";
			};
			name = Release;
		};
/* End XCBuildConfiguration section */

/* Begin XCConfigurationList section */
		6B3A5333251E77E700A12344 /* Build configuration list for PBXNativeTarget "HMDRWHERATH_9630723_COBSCCOMP191P-008Tests" */ = {
			isa = XCConfigurationList;
			buildConfigurations = (
				6B3A5331251E77E700A12344 /* Debug */,
				6B3A5332251E77E700A12344 /* Release */,
			);
			defaultConfigurationIsVisible = 0;
			defaultConfigurationName = Release;
		};
		6BFCE52D25133D670010A5D8 /* Build configuration list for PBXProject "HMDRWHERATH_9630723_COBSCCOMP191P-008" */ = {
			isa = XCConfigurationList;
			buildConfigurations = (
				6BFCE54425133D680010A5D8 /* Debug */,
				6BFCE54525133D680010A5D8 /* Release */,
			);
			defaultConfigurationIsVisible = 0;
			defaultConfigurationName = Release;
		};
		6BFCE54625133D680010A5D8 /* Build configuration list for PBXNativeTarget "HMDRWHERATH_9630723_COBSCCOMP191P-008" */ = {
			isa = XCConfigurationList;
			buildConfigurations = (
				6BFCE54725133D680010A5D8 /* Debug */,
				6BFCE54825133D680010A5D8 /* Release */,
			);
			defaultConfigurationIsVisible = 0;
			defaultConfigurationName = Release;
		};
		6BFE3C332517C7DB00BD6650 /* Build configuration list for PBXNativeTarget "HMDRWHERATH_9630723_COBSCCOMP191P-008UITests" */ = {
			isa = XCConfigurationList;
			buildConfigurations = (
				6BFE3C312517C7DB00BD6650 /* Debug */,
				6BFE3C322517C7DB00BD6650 /* Release */,
			);
			defaultConfigurationIsVisible = 0;
			defaultConfigurationName = Release;
		};
/* End XCConfigurationList section */
	};
	rootObject = 6BFCE52A25133D670010A5D8 /* Project object */;
}
